# This file is automatically @generated by Cargo.
# It is not intended for manual editing.
version = 4

[[package]]
name = "bulletformat"
version = "1.8.0"
source = "registry+https://github.com/rust-lang/crates.io-index"
checksum = "6d171953264e8dc3aa62757255e602e507fdd358a94e3cdacb9e481ff3a1c6b0"

[[package]]
name = "lattice-convert"
version = "0.0.0"
dependencies = [
 "bulletformat",
]
